
Microsoft Visual Studio Solution File, Format Version 12.00
# Visual Studio Version 17
VisualStudioVersion = 17.11.35208.52
MinimumVisualStudioVersion = 10.0.40219.1
Project("{FAE04EC0-301F-11D3-BF4B-00C04F79EFBC}") = "CrudCSharp", "CrudCSharp.csproj", "{220A1A2F-C17F-4971-B9CD-236215FEA191}"
EndProject
Global
	GlobalSection(SolutionConfigurationPlatforms) = preSolution
		Debug|Any CPU = Debug|Any CPU
		Release|Any CPU = Release|Any CPU
	EndGlobalSection
	GlobalSection(ProjectConfigurationPlatforms) = postSolution
		{220A1A2F-C17F-4971-B9CD-236215FEA191}.Debug|Any CPU.ActiveCfg = Debug|Any CPU
		{220A1A2F-C17F-4971-B9CD-236215FEA191}.Debug|Any CPU.Build.0 = Debug|Any CPU
		{220A1A2F-C17F-4971-B9CD-236215FEA191}.Release|Any CPU.ActiveCfg = Release|Any CPU
		{220A1A2F-C17F-4971-B9CD-236215FEA191}.Release|Any CPU.Build.0 = Release|Any CPU
	EndGlobalSection
	GlobalSection(SolutionProperties) = preSolution
		HideSolutionNode = FALSE
	EndGlobalSection
	GlobalSection(ExtensibilityGlobals) = postSolution
		SolutionGuid = {2B56ADAB-5A54-408F-9515-C16D649A5BC2}
	EndGlobalSection
EndGlobal
